// !$*UTF8*$!
{
	archiveVersion = 1;
	classes = {
	};
	objectVersion = 77;
	objects = {

/* Begin PBXBuildFile section */
		63852C1F2FE531400084DC8C /* Moonlit Stories: Novels.storekit in Resources */ = {isa = PBXBuildFile; fileRef = 63852C1E2FE531400084DC8C /* Moonlit Stories: Novels.storekit */; };
/* End PBXBuildFile section */

/* Begin PBXContainerItemProxy section */
		54413D812FC8165900A17A69 /* PBXContainerItemProxy */ = {
			isa = PBXContainerItemProxy;
			containerPortal = 54413D692FC8165700A17A69 /* Project object */;
			proxyType = 1;
			remoteGlobalIDString = 54413D702FC8165700A17A69;
			remoteInfo = moonlit.stories;
		};
		54413D8B2FC8165900A17A69 /* PBXContainerItemProxy */ = {
			isa = PBXContainerItemProxy;
			containerPortal = 54413D692FC8165700A17A69 /* Project object */;
			proxyType = 1;
			remoteGlobalIDString = 54413D702FC8165700A17A69;
			remoteInfo = moonlit.stories;
		};
/* End PBXContainerItemProxy section */

/* Begin PBXFileReference section */
		54413D712FC8165700A17A69 /* moonlit.stories.app */ = {isa = PBXFileReference; explicitFileType = wrapper.application; includeInIndex = 0; path = moonlit.stories.app; sourceTree = BUILT_PRODUCTS_DIR; };
		54413D802FC8165900A17A69 /* moonlit.storiesTests.xctest */ = {isa = PBXFileReference; explicitFileType = wrapper.cfbundle; includeInIndex = 0; path = moonlit.storiesTests.xctest; sourceTree = BUILT_PRODUCTS_DIR; };
		54413D8A2FC8165900A17A69 /* moonlit.storiesUITests.xctest */ = {isa = PBXFileReference; explicitFileType = wrapper.cfbundle; includeInIndex = 0; path = moonlit.storiesUITests.xctest; sourceTree = BUILT_PRODUCTS_DIR; };
		63852C1E2FE531400084DC8C /* Moonlit Stories: Novels.storekit */ = {isa = PBXFileReference; lastKnownFileType = text; name = "Moonlit Stories: Novels.storekit"; path = "moonlit.stories/Moonlit Stories: Novels.storekit"; sourceTree = "<group>"; };
/* End PBXFileReference section */

/* Begin PBXFileSystemSynchronizedBuildFileExceptionSet section */
		54413DB12FC8165900A17A69 /* Exceptions for "moonlit.stories" folder in "moonlit.stories" target */ = {
			isa = PBXFileSystemSynchronizedBuildFileExceptionSet;
			membershipExceptions = (
				Info.plist,
			);
			target = 54413D702FC8165700A17A69 /* moonlit.stories */;
		};
/* End PBXFileSystemSynchronizedBuildFileExceptionSet section */

/* Begin PBXFileSystemSynchronizedRootGroup section */
		54413D732FC8165700A17A69 /* moonlit.stories */ = {
			isa = PBXFileSystemSynchronizedRootGroup;
			exceptions = (
				54413DB12FC8165900A17A69 /* Exceptions for "moonlit.stories" folder in "moonlit.stories" target */,
			);
			path = moonlit.stories;
			sourceTree = "<group>";
		};
		54413D832FC8165900A17A69 /* moonlit.storiesTests */ = {
			isa = PBXFileSystemSynchronizedRootGroup;
			path = moonlit.storiesTests;
			sourceTree = "<group>";
		};
		54413D8D2FC8165900A17A69 /* moonlit.storiesUITests */ = {
			isa = PBXFileSystemSynchronizedRootGroup;
			path = moonlit.storiesUITests;
			sourceTree = "<group>";
		};
/* End PBXFileSystemSynchronizedRootGroup section */

/* Begin PBXFrameworksBuildPhase section */
		54413D6E2FC8165700A17A69 /* Frameworks */ = {
			isa = PBXFrameworksBuildPhase;
			buildActionMask = 2147483647;
			files = (
			);
			runOnlyForDeploymentPostprocessing = 0;
		};
		54413D7D2FC8165900A17A69 /* Frameworks */ = {
			isa = PBXFrameworksBuildPhase;
			buildActionMask = 2147483647;
			files = (
			);
			runOnlyForDeploymentPostprocessing = 0;
		};
		54413D872FC8165900A17A69 /* Frameworks */ = {
			isa = PBXFrameworksBuildPhase;
			buildActionMask = 2147483647;
			files = (
			);
			runOnlyForDeploymentPostprocessing = 0;
		};
/* End PBXFrameworksBuildPhase section */

/* Begin PBXGroup section */
		54413D682FC8165700A17A69 = {
			isa = PBXGroup;
			children = (
				63852C1E2FE531400084DC8C /* Moonlit Stories: Novels.storekit */,
				54413D732FC8165700A17A69 /* moonlit.stories */,
				54413D832FC8165900A17A69 /* moonlit.storiesTests */,
				54413D8D2FC8165900A17A69 /* moonlit.storiesUITests */,
				54413D722FC8165700A17A69 /* Products */,
			);
			sourceTree = "<group>";
		};
		54413D722FC8165700A17A69 /* Products */ = {
			isa = PBXGroup;
			children = (
				54413D712FC8165700A17A69 /* moonlit.stories.app */,
				54413D802FC8165900A17A69 /* moonlit.storiesTests.xctest */,
				54413D8A2FC8165900A17A69 /* moonlit.storiesUITests.xctest */,
			);
			name = Products;
			sourceTree = "<group>";
		};
/* End PBXGroup section */

/* Begin PBXNativeTarget section */
		54413D702FC8165700A17A69 /* moonlit.stories */ = {
			isa = PBXNativeTarget;
			buildConfigurationList = 54413D942FC8165900A17A69 /* Build configuration list for PBXNativeTarget "moonlit.stories" */;
			buildPhases = (
				54413D6D2FC8165700A17A69 /* Sources */,
				54413D6E2FC8165700A17A69 /* Frameworks */,
				54413D6F2FC8165700A17A69 /* Resources */,
			);
			buildRules = (
			);
			dependencies = (
			);
			fileSystemSynchronizedGroups = (
				54413D732FC8165700A17A69 /* moonlit.stories */,
			);
			name = moonlit.stories;
			packageProductDependencies = (
			);
			productName = moonlit.stories;
			productReference = 54413D712FC8165700A17A69 /* moonlit.stories.app */;
			productType = "com.apple.product-type.application";
		};
		54413D7F2FC8165900A17A69 /* moonlit.storiesTests */ = {
			isa = PBXNativeTarget;
			buildConfigurationList = 54413D972FC8165900A17A69 /* Build configuration list for PBXNativeTarget "moonlit.storiesTests" */;
			buildPhases = (
				54413D7C2FC8165900A17A69 /* Sources */,
				54413D7D2FC8165900A17A69 /* Frameworks */,
				54413D7E2FC8165900A17A69 /* Resources */,
			);
			buildRules = (
			);
			dependencies = (
				54413D822FC8165900A17A69 /* PBXTargetDependency */,
			);
			fileSystemSynchronizedGroups = (
				54413D832FC8165900A17A69 /* moonlit.storiesTests */,
			);
			name = moonlit.storiesTests;
			packageProductDependencies = (
			);
			productName = moonlit.storiesTests;
			productReference = 54413D802FC8165900A17A69 /* moonlit.storiesTests.xctest */;
			productType = "com.apple.product-type.bundle.unit-test";
		};
		54413D892FC8165900A17A69 /* moonlit.storiesUITests */ = {
			isa = PBXNativeTarget;
			buildConfigurationList = 54413D9A2FC8165900A17A69 /* Build configuration list for PBXNativeTarget "moonlit.storiesUITests" */;
			buildPhases = (
				54413D862FC8165900A17A69 /* Sources */,
				54413D872FC8165900A17A69 /* Frameworks */,
				54413D882FC8165900A17A69 /* Resources */,
			);
			buildRules = (
			);
			dependencies = (
				54413D8C2FC8165900A17A69 /* PBXTargetDependency */,
			);
			fileSystemSynchronizedGroups = (
				54413D8D2FC8165900A17A69 /* moonlit.storiesUITests */,
			);
			name = moonlit.storiesUITests;
			packageProductDependencies = (
			);
			productName = moonlit.storiesUITests;
			productReference = 54413D8A2FC8165900A17A69 /* moonlit.storiesUITests.xctest */;
			productType = "com.apple.product-type.bundle.ui-testing";
		};
/* End PBXNativeTarget section */

/* Begin PBXProject section */
		54413D692FC8165700A17A69 /* Project object */ = {
			isa = PBXProject;
			attributes = {
				BuildIndependentTargetsInParallel = 1;
				LastSwiftUpdateCheck = 2640;
				LastUpgradeCheck = 2640;
				TargetAttributes = {
					54413D702FC8165700A17A69 = {
						CreatedOnToolsVersion = 26.4;
					};
					54413D7F2FC8165900A17A69 = {
						CreatedOnToolsVersion = 26.4;
						TestTargetID = 54413D702FC8165700A17A69;
					};
					54413D892FC8165900A17A69 = {
						CreatedOnToolsVersion = 26.4;
						TestTargetID = 54413D702FC8165700A17A69;
					};
				};
			};
			buildConfigurationList = 54413D6C2FC8165700A17A69 /* Build configuration list for PBXProject "moonlit.stories" */;
			developmentRegion = en;
			hasScannedForEncodings = 0;
			knownRegions = (
				en,
				vi,
				Base,
			);
			mainGroup = 54413D682FC8165700A17A69;
			minimizedProjectReferenceProxies = 1;
			preferredProjectObjectVersion = 77;
			productRefGroup = 54413D722FC8165700A17A69 /* Products */;
			projectDirPath = "";
			projectRoot = "";
			targets = (
				54413D702FC8165700A17A69 /* moonlit.stories */,
				54413D7F2FC8165900A17A69 /* moonlit.storiesTests */,
				54413D892FC8165900A17A69 /* moonlit.storiesUITests */,
			);
		};
/* End PBXProject section */

/* Begin PBXResourcesBuildPhase section */
		54413D6F2FC8165700A17A69 /* Resources */ = {
			isa = PBXResourcesBuildPhase;
			buildActionMask = 2147483647;
			files = (
				63852C1F2FE531400084DC8C /* Moonlit Stories: Novels.storekit in Resources */,
			);
			runOnlyForDeploymentPostprocessing = 0;
		};
		54413D7E2FC8165900A17A69 /* Resources */ = {
			isa = PBXResourcesBuildPhase;
			buildActionMask = 2147483647;
			files = (
			);
			runOnlyForDeploymentPostprocessing = 0;
		};
		54413D882FC8165900A17A69 /* Resources */ = {
			isa = PBXResourcesBuildPhase;
			buildActionMask = 2147483647;
			files = (
			);
			runOnlyForDeploymentPostprocessing = 0;
		};
/* End PBXResourcesBuildPhase section */

/* Begin PBXSourcesBuildPhase section */
		54413D6D2FC8165700A17A69 /* Sources */ = {
			isa = PBXSourcesBuildPhase;
			buildActionMask = 2147483647;
			files = (
			);
			runOnlyForDeploymentPostprocessing = 0;
		};
		54413D7C2FC8165900A17A69 /* Sources */ = {
			isa = PBXSourcesBuildPhase;
			buildActionMask = 2147483647;
			files = (
			);
			runOnlyForDeploymentPostprocessing = 0;
		};
		54413D862FC8165900A17A69 /* Sources */ = {
			isa = PBXSourcesBuildPhase;
			buildActionMask = 2147483647;
			files = (
			);
			runOnlyForDeploymentPostprocessing = 0;
		};
/* End PBXSourcesBuildPhase section */

/* Begin PBXTargetDependency section */
		54413D822FC8165900A17A69 /* PBXTargetDependency */ = {
			isa = PBXTargetDependency;
			target = 54413D702FC8165700A17A69 /* moonlit.stories */;
			targetProxy = 54413D812FC8165900A17A69 /* PBXContainerItemProxy */;
		};
		54413D8C2FC8165900A17A69 /* PBXTargetDependency */ = {
			isa = PBXTargetDependency;
			target = 54413D702FC8165700A17A69 /* moonlit.stories */;
			targetProxy = 54413D8B2FC8165900A17A69 /* PBXContainerItemProxy */;
		};
/* End PBXTargetDependency section */

/* Begin XCBuildConfiguration section */
		54413D922FC8165900A17A69 /* Debug */ = {
			isa = XCBuildConfiguration;
			buildSettings = {
				ALWAYS_SEARCH_USER_PATHS = NO;
				ASSETCATALOG_COMPILER_GENERATE_SWIFT_ASSET_SYMBOL_EXTENSIONS = YES;
				CLANG_ANALYZER_NONNULL = YES;
				CLANG_ANALYZER_NUMBER_OBJECT_CONVERSION = YES_AGGRESSIVE;
				CLANG_CXX_LANGUAGE_STANDARD = "gnu++20";
				CLANG_ENABLE_MODULES = YES;
				CLANG_ENABLE_OBJC_ARC = YES;
				CLANG_ENABLE_OBJC_WEAK = YES;
				CLANG_WARN_BLOCK_CAPTURE_AUTORELEASING = YES;
				CLANG_WARN_BOOL_CONVERSION = YES;
				CLANG_WARN_COMMA = YES;
				CLANG_WARN_CONSTANT_CONVERSION = YES;
				CLANG_WARN_DEPRECATED_OBJC_IMPLEMENTATIONS = YES;
				CLANG_WARN_DIRECT_OBJC_ISA_USAGE = YES_ERROR;
				CLANG_WARN_DOCUMENTATION_COMMENTS = YES;
				CLANG_WARN_EMPTY_BODY = YES;
				CLANG_WARN_ENUM_CONVERSION = YES;
				CLANG_WARN_INFINITE_RECURSION = YES;
				CLANG_WARN_INT_CONVERSION = YES;
				CLANG_WARN_NON_LITERAL_NULL_CONVERSION = YES;
				CLANG_WARN_OBJC_IMPLICIT_RETAIN_SELF = YES;
				CLANG_WARN_OBJC_LITERAL_CONVERSION = YES;
				CLANG_WARN_OBJC_ROOT_CLASS = YES_ERROR;
				CLANG_WARN_QUOTED_INCLUDE_IN_FRAMEWORK_HEADER = YES;
				CLANG_WARN_RANGE_LOOP_ANALYSIS = YES;
				CLANG_WARN_STRICT_PROTOTYPES = YES;
				CLANG_WARN_SUSPICIOUS_MOVE = YES;
				CLANG_WARN_UNGUARDED_AVAILABILITY = YES_AGGRESSIVE;
				CLANG_WARN_UNREACHABLE_CODE = YES;
				CLANG_WARN__DUPLICATE_METHOD_MATCH = YES;
				COPY_PHASE_STRIP = NO;
				DEBUG_INFORMATION_FORMAT = dwarf;
				DEVELOPMENT_TEAM = A759U6QWJ9;
				ENABLE_STRICT_OBJC_MSGSEND = YES;
				ENABLE_TESTABILITY = YES;
				ENABLE_USER_SCRIPT_SANDBOXING = YES;
				GCC_C_LANGUAGE_STANDARD = gnu17;
				GCC_DYNAMIC_NO_PIC = NO;
				GCC_NO_COMMON_BLOCKS = YES;
				GCC_OPTIMIZATION_LEVEL = 0;
				GCC_PREPROCESSOR_DEFINITIONS = (
					"DEBUG=1",
					"$(inherited)",
				);
				GCC_WARN_64_TO_32_BIT_CONVERSION = YES;
				GCC_WARN_ABOUT_RETURN_TYPE = YES_ERROR;
				GCC_WARN_UNDECLARED_SELECTOR = YES;
				GCC_WARN_UNINITIALIZED_AUTOS = YES_AGGRESSIVE;
				GCC_WARN_UNUSED_FUNCTION = YES;
				GCC_WARN_UNUSED_VARIABLE = YES;
				IPHONEOS_DEPLOYMENT_TARGET = 17.0;
				LOCALIZATION_PREFERS_STRING_CATALOGS = YES;
				MTL_ENABLE_DEBUG_INFO = INCLUDE_SOURCE;
				MTL_FAST_MATH = YES;
				ONLY_ACTIVE_ARCH = YES;
				SDKROOT = iphoneos;
				SWIFT_ACTIVE_COMPILATION_CONDITIONS = "DEBUG $(inherited)";
				SWIFT_OPTIMIZATION_LEVEL = "-Onone";
			};
			name = Debug;
		};
		54413D932FC8165900A17A69 /* Release */ = {
			isa = XCBuildConfiguration;
			buildSettings = {
				ALWAYS_SEARCH_USER_PATHS = NO;
				ASSETCATALOG_COMPILER_GENERATE_SWIFT_ASSET_SYMBOL_EXTENSIONS = YES;
				CLANG_ANALYZER_NONNULL = YES;
				CLANG_ANALYZER_NUMBER_OBJECT_CONVERSION = YES_AGGRESSIVE;
				CLANG_CXX_LANGUAGE_STANDARD = "gnu++20";
				CLANG_ENABLE_MODULES = YES;
				CLANG_ENABLE_OBJC_ARC = YES;
				CLANG_ENABLE_OBJC_WEAK = YES;
				CLANG_WARN_BLOCK_CAPTURE_AUTORELEASING = YES;
				CLANG_WARN_BOOL_CONVERSION = YES;
				CLANG_WARN_COMMA = YES;
				CLANG_WARN_CONSTANT_CONVERSION = YES;
				CLANG_WARN_DEPRECATED_OBJC_IMPLEMENTATIONS = YES;
				CLANG_WARN_DIRECT_OBJC_ISA_USAGE = YES_ERROR;
				CLANG_WARN_DOCUMENTATION_COMMENTS = YES;
				CLANG_WARN_EMPTY_BODY = YES;
				CLANG_WARN_ENUM_CONVERSION = YES;
				CLANG_WARN_INFINITE_RECURSION = YES;
				CLANG_WARN_INT_CONVERSION = YES;
				CLANG_WARN_NON_LITERAL_NULL_CONVERSION = YES;
				CLANG_WARN_OBJC_IMPLICIT_RETAIN_SELF = YES;
				CLANG_WARN_OBJC_LITERAL_CONVERSION = YES;
				CLANG_WARN_OBJC_ROOT_CLASS = YES_ERROR;
				CLANG_WARN_QUOTED_INCLUDE_IN_FRAMEWORK_HEADER = YES;
				CLANG_WARN_RANGE_LOOP_ANALYSIS = YES;
				CLANG_WARN_STRICT_PROTOTYPES = YES;
				CLANG_WARN_SUSPICIOUS_MOVE = YES;
				CLANG_WARN_UNGUARDED_AVAILABILITY = YES_AGGRESSIVE;
				CLANG_WARN_UNREACHABLE_CODE = YES;
				CLANG_WARN__DUPLICATE_METHOD_MATCH = YES;
				COPY_PHASE_STRIP = NO;
				DEBUG_INFORMATION_FORMAT = "dwarf-with-dsym";
				DEVELOPMENT_TEAM = A759U6QWJ9;
				ENABLE_NS_ASSERTIONS = NO;
				ENABLE_STRICT_OBJC_MSGSEND = YES;
				ENABLE_USER_SCRIPT_SANDBOXING = YES;
				GCC_C_LANGUAGE_STANDARD = gnu17;
				GCC_NO_COMMON_BLOCKS = YES;
				GCC_WARN_64_TO_32_BIT_CONVERSION = YES;
				GCC_WARN_ABOUT_RETURN_TYPE = YES_ERROR;
				GCC_WARN_UNDECLARED_SELECTOR = YES;
				GCC_WARN_UNINITIALIZED_AUTOS = YES_AGGRESSIVE;
				GCC_WARN_UNUSED_FUNCTION = YES;
				GCC_WARN_UNUSED_VARIABLE = YES;
				IPHONEOS_DEPLOYMENT_TARGET = 17.0;
				LOCALIZATION_PREFERS_STRING_CATALOGS = YES;
				MTL_ENABLE_DEBUG_INFO = NO;
				MTL_FAST_MATH = YES;
				SDKROOT = iphoneos;
				SWIFT_COMPILATION_MODE = wholemodule;
				VALIDATE_PRODUCT = YES;
			};
			name = Release;
		};
		54413D952FC8165900A17A69 /* Debug */ = {
			isa = XCBuildConfiguration;
			buildSettings = {
				ASSETCATALOG_COMPILER_APPICON_NAME = AppIcon;
				ASSETCATALOG_COMPILER_GLOBAL_ACCENT_COLOR_NAME = AccentColor;
				CODE_SIGN_ENTITLEMENTS = moonlit.stories/moonlit.stories.entitlements;
				CODE_SIGN_STYLE = Automatic;
				CURRENT_PROJECT_VERSION = 1;
				DEVELOPMENT_TEAM = A759U6QWJ9;
				ENABLE_PREVIEWS = YES;
				EXCLUDED_RESOURCE_FILE_NAMES = Info.plist;
				EXCLUDED_SOURCE_FILE_NAMES = Info.plist;
				INFOPLIST_FILE = moonlit.stories/Info.plist;
				IPHONEOS_DEPLOYMENT_TARGET = 17.0;
				LD_RUNPATH_SEARCH_PATHS = (
					"$(inherited)",
					"@executable_path/Frameworks",
				);
				MARKETING_VERSION = 1.0;
				PRODUCT_BUNDLE_IDENTIFIER = "vn.moonlit-stories";
				PRODUCT_NAME = "$(TARGET_NAME)";
				STRING_CATALOG_GENERATE_SYMBOLS = YES;
				SUPPORTED_PLATFORMS = "iphoneos iphonesimulator";
				SUPPORTS_MACCATALYST = NO;
				SUPPORTS_XR_DESIGNED_FOR_IPHONE_IPAD = NO;
				SWIFT_APPROACHABLE_CONCURRENCY = YES;
				SWIFT_DEFAULT_ACTOR_ISOLATION = MainActor;
				SWIFT_EMIT_LOC_STRINGS = YES;
				SWIFT_UPCOMING_FEATURE_MEMBER_IMPORT_VISIBILITY = YES;
				SWIFT_VERSION = 5.0;
				TARGETED_DEVICE_FAMILY = "1,2";
			};
			name = Debug;
		};
		54413D962FC8165900A17A69 /* Release */ = {
			isa = XCBuildConfiguration;
			buildSettings = {
				ASSETCATALOG_COMPILER_APPICON_NAME = AppIcon;
				ASSETCATALOG_COMPILER_GLOBAL_ACCENT_COLOR_NAME = AccentColor;
				CODE_SIGN_ENTITLEMENTS = moonlit.stories/moonlit.stories.entitlements;
				CODE_SIGN_STYLE = Automatic;
				CURRENT_PROJECT_VERSION = 1;
				DEVELOPMENT_TEAM = A759U6QWJ9;
				ENABLE_PREVIEWS = YES;
				EXCLUDED_RESOURCE_FILE_NAMES = Info.plist;
				EXCLUDED_SOURCE_FILE_NAMES = Info.plist;
				INFOPLIST_FILE = moonlit.stories/Info.plist;
				IPHONEOS_DEPLOYMENT_TARGET = 17.0;
				LD_RUNPATH_SEARCH_PATHS = (
					"$(inherited)",
					"@executable_path/Frameworks",
				);
				MARKETING_VERSION = 1.0;
				PRODUCT_BUNDLE_IDENTIFIER = "vn.moonlit-stories";
				PRODUCT_NAME = "$(TARGET_NAME)";
				STRING_CATALOG_GENERATE_SYMBOLS = YES;
				SUPPORTED_PLATFORMS = "iphoneos iphonesimulator";
				SUPPORTS_MACCATALYST = NO;
				SUPPORTS_XR_DESIGNED_FOR_IPHONE_IPAD = NO;
				SWIFT_APPROACHABLE_CONCURRENCY = YES;
				SWIFT_DEFAULT_ACTOR_ISOLATION = MainActor;
				SWIFT_EMIT_LOC_STRINGS = YES;
				SWIFT_UPCOMING_FEATURE_MEMBER_IMPORT_VISIBILITY = YES;
				SWIFT_VERSION = 5.0;
				TARGETED_DEVICE_FAMILY = "1,2";
			};
			name = Release;
		};
		54413D982FC8165900A17A69 /* Debug */ = {
			isa = XCBuildConfiguration;
			buildSettings = {
				BUNDLE_LOADER = "$(TEST_HOST)";
				CODE_SIGN_STYLE = Automatic;
				CURRENT_PROJECT_VERSION = 1;
				DEVELOPMENT_TEAM = A759U6QWJ9;
				GENERATE_INFOPLIST_FILE = YES;
				IPHONEOS_DEPLOYMENT_TARGET = 17.0;
				MARKETING_VERSION = 1.0;
				PRODUCT_BUNDLE_IDENTIFIER = "vn.moonlit-storiesTests";
				PRODUCT_NAME = "$(TARGET_NAME)";
				STRING_CATALOG_GENERATE_SYMBOLS = NO;
				SWIFT_APPROACHABLE_CONCURRENCY = YES;
				SWIFT_EMIT_LOC_STRINGS = NO;
				SWIFT_UPCOMING_FEATURE_MEMBER_IMPORT_VISIBILITY = YES;
				SWIFT_VERSION = 5.0;
				TARGETED_DEVICE_FAMILY = "1,2";
				TEST_HOST = "$(BUILT_PRODUCTS_DIR)/moonlit.stories.app/$(BUNDLE_EXECUTABLE_FOLDER_PATH)/moonlit.stories";
			};
			name = Debug;
		};
		54413D992FC8165900A17A69 /* Release */ = {
			isa = XCBuildConfiguration;
			buildSettings = {
				BUNDLE_LOADER = "$(TEST_HOST)";
				CODE_SIGN_STYLE = Automatic;
				CURRENT_PROJECT_VERSION = 1;
				DEVELOPMENT_TEAM = A759U6QWJ9;
				GENERATE_INFOPLIST_FILE = YES;
				IPHONEOS_DEPLOYMENT_TARGET = 17.0;
				MARKETING_VERSION = 1.0;
				PRODUCT_BUNDLE_IDENTIFIER = "vn.moonlit-storiesTests";
				PRODUCT_NAME = "$(TARGET_NAME)";
				STRING_CATALOG_GENERATE_SYMBOLS = NO;
				SWIFT_APPROACHABLE_CONCURRENCY = YES;
				SWIFT_EMIT_LOC_STRINGS = NO;
				SWIFT_UPCOMING_FEATURE_MEMBER_IMPORT_VISIBILITY = YES;
				SWIFT_VERSION = 5.0;
				TARGETED_DEVICE_FAMILY = "1,2";
				TEST_HOST = "$(BUILT_PRODUCTS_DIR)/moonlit.stories.app/$(BUNDLE_EXECUTABLE_FOLDER_PATH)/moonlit.stories";
			};
			name = Release;
		};
		54413D9B2FC8165900A17A69 /* Debug */ = {
			isa = XCBuildConfiguration;
			buildSettings = {
				CODE_SIGN_STYLE = Automatic;
				CURRENT_PROJECT_VERSION = 1;
				DEVELOPMENT_TEAM = A759U6QWJ9;
				GENERATE_INFOPLIST_FILE = YES;
				MARKETING_VERSION = 1.0;
				PRODUCT_BUNDLE_IDENTIFIER = "vn.moonlit-storiesUITests";
				PRODUCT_NAME = "$(TARGET_NAME)";
				STRING_CATALOG_GENERATE_SYMBOLS = NO;
				SWIFT_APPROACHABLE_CONCURRENCY = YES;
				SWIFT_EMIT_LOC_STRINGS = NO;
				SWIFT_UPCOMING_FEATURE_MEMBER_IMPORT_VISIBILITY = YES;
				SWIFT_VERSION = 5.0;
				TARGETED_DEVICE_FAMILY = "1,2";
				TEST_TARGET_NAME = moonlit.stories;
			};
			name = Debug;
		};
		54413D9C2FC8165900A17A69 /* Release */ = {
			isa = XCBuildConfiguration;
			buildSettings = {
				CODE_SIGN_STYLE = Automatic;
				CURRENT_PROJECT_VERSION = 1;
				DEVELOPMENT_TEAM = A759U6QWJ9;
				GENERATE_INFOPLIST_FILE = YES;
				MARKETING_VERSION = 1.0;
				PRODUCT_BUNDLE_IDENTIFIER = "vn.moonlit-storiesUITests";
				PRODUCT_NAME = "$(TARGET_NAME)";
				STRING_CATALOG_GENERATE_SYMBOLS = NO;
				SWIFT_APPROACHABLE_CONCURRENCY = YES;
				SWIFT_EMIT_LOC_STRINGS = NO;
				SWIFT_UPCOMING_FEATURE_MEMBER_IMPORT_VISIBILITY = YES;
				SWIFT_VERSION = 5.0;
				TARGETED_DEVICE_FAMILY = "1,2";
				TEST_TARGET_NAME = moonlit.stories;
			};
			name = Release;
		};
/* End XCBuildConfiguration section */

/* Begin XCConfigurationList section */
		54413D6C2FC8165700A17A69 /* Build configuration list for PBXProject "moonlit.stories" */ = {
			isa = XCConfigurationList;
			buildConfigurations = (
				54413D922FC8165900A17A69 /* Debug */,
				54413D932FC8165900A17A69 /* Release */,
			);
			defaultConfigurationIsVisible = 0;
			defaultConfigurationName = Release;
		};
		54413D942FC8165900A17A69 /* Build configuration list for PBXNativeTarget "moonlit.stories" */ = {
			isa = XCConfigurationList;
			buildConfigurations = (
				54413D952FC8165900A17A69 /* Debug */,
				54413D962FC8165900A17A69 /* Release */,
			);
			defaultConfigurationIsVisible = 0;
			defaultConfigurationName = Release;
		};
		54413D972FC8165900A17A69 /* Build configuration list for PBXNativeTarget "moonlit.storiesTests" */ = {
			isa = XCConfigurationList;
			buildConfigurations = (
				54413D982FC8165900A17A69 /* Debug */,
				54413D992FC8165900A17A69 /* Release */,
			);
			defaultConfigurationIsVisible = 0;
			defaultConfigurationName = Release;
		};
		54413D9A2FC8165900A17A69 /* Build configuration list for PBXNativeTarget "moonlit.storiesUITests" */ = {
			isa = XCConfigurationList;
			buildConfigurations = (
				54413D9B2FC8165900A17A69 /* Debug */,
				54413D9C2FC8165900A17A69 /* Release */,
			);
			defaultConfigurationIsVisible = 0;
			defaultConfigurationName = Release;
		};
/* End XCConfigurationList section */
	};
	rootObject = 54413D692FC8165700A17A69 /* Project object */;
}
